
Microsoft Visual Studio Solution File, Format Version 12.00
# Visual Studio Version 16
VisualStudioVersion = 16.0.30523.141
MinimumVisualStudioVersion = 10.0.40219.1
Project("{FAE04EC0-301F-11D3-BF4B-00C04F79EFBC}") = "WindowsFormsApp1", "WindowsFormsApp1\WindowsFormsApp1.csproj", "{276DDE10-EACB-461E-B519-64CDC46280CA}"
EndProject
Global
	GlobalSection(SolutionConfigurationPlatforms) = preSolution
		Debug|Any CPU = Debug|Any CPU
		Release|Any CPU = Release|Any CPU
	EndGlobalSection
	GlobalSection(ProjectConfigurationPlatforms) = postSolution
		{276DDE10-EACB-461E-B519-64CDC46280CA}.Debug|Any CPU.ActiveCfg = Debug|Any CPU
		{276DDE10-EACB-461E-B519-64CDC46280CA}.Debug|Any CPU.Build.0 = Debug|Any CPU
		{276DDE10-EACB-461E-B519-64CDC46280CA}.Release|Any CPU.ActiveCfg = Release|Any CPU
		{276DDE10-EACB-461E-B519-64CDC46280CA}.Release|Any CPU.Build.0 = Release|Any CPU
	EndGlobalSection
	GlobalSection(SolutionProperties) = preSolution
		HideSolutionNode = FALSE
	EndGlobalSection
	GlobalSection(ExtensibilityGlobals) = postSolution
		SolutionGuid = {92305E1C-0B64-4429-9133-6611600D8C9E}
	EndGlobalSection
EndGlobal
